
Microsoft Visual Studio Solution File, Format Version 12.00
# Visual Studio Version 17
VisualStudioVersion = 17.0.32014.148
MinimumVisualStudioVersion = 10.0.40219.1
Project("{FAE04EC0-301F-11D3-BF4B-00C04F79EFBC}") = "EntityFramework", "EntityFramework\EntityFramework.csproj", "{C23465EB-7AE1-425A-B444-69F82059F13A}"
EndProject
Project("{FAE04EC0-301F-11D3-BF4B-00C04F79EFBC}") = "Main", "Main\Main.csproj", "{028A5CF0-54E8-43C1-97A4-873F1B7C8494}"
EndProject
Global
	GlobalSection(SolutionConfigurationPlatforms) = preSolution
		Debug|Any CPU = Debug|Any CPU
		Release|Any CPU = Release|Any CPU
	EndGlobalSection
	GlobalSection(ProjectConfigurationPlatforms) = postSolution
		{C23465EB-7AE1-425A-B444-69F82059F13A}.Debug|Any CPU.ActiveCfg = Debug|Any CPU
		{C23465EB-7AE1-425A-B444-69F82059F13A}.Debug|Any CPU.Build.0 = Debug|Any CPU
		{C23465EB-7AE1-425A-B444-69F82059F13A}.Release|Any CPU.ActiveCfg = Release|Any CPU
		{C23465EB-7AE1-425A-B444-69F82059F13A}.Release|Any CPU.Build.0 = Release|Any CPU
		{028A5CF0-54E8-43C1-97A4-873F1B7C8494}.Debug|Any CPU.ActiveCfg = Debug|Any CPU
		{028A5CF0-54E8-43C1-97A4-873F1B7C8494}.Debug|Any CPU.Build.0 = Debug|Any CPU
		{028A5CF0-54E8-43C1-97A4-873F1B7C8494}.Release|Any CPU.ActiveCfg = Release|Any CPU
		{028A5CF0-54E8-43C1-97A4-873F1B7C8494}.Release|Any CPU.Build.0 = Release|Any CPU
	EndGlobalSection
	GlobalSection(SolutionProperties) = preSolution
		HideSolutionNode = FALSE
	EndGlobalSection
	GlobalSection(ExtensibilityGlobals) = postSolution
		SolutionGuid = {4440D9DF-4AA9-4E25-80FF-47A3A72F6536}
	EndGlobalSection
EndGlobal
